<?xml version="1.0" encoding="utf-8"?>
<Project ToolsVersion="4.0" xmlns="http://schemas.microsoft.com/developer/msbuild/2003">
  <ItemGroup>
    <Filter Include="Libraries">
      <UniqueIdentifier>{67DA6AB6-F800-4c08-8B7A-83BB121AAD01}</UniqueIdentifier>
      <Extensions>rc;ico;cur;bmp;dlg;rc2;rct;bin;rgs;gif;jpg;jpeg;jpe;resx;tiff;tif;png;wav;mfcribbon-ms</Extensions>
    </Filter>
    <Filter Include="Session">
      <UniqueIdentifier>{50dd7b0b-eeb0-4170-8cc2-e99390387f09}</UniqueIdentifier>
    </Filter>
    <Filter Include="Libraries\Logger">
      <UniqueIdentifier>{c6f6d448-86be-4a05-bb90-a1c579bacda8}</UniqueIdentifier>
    </Filter>
    <Filter Include="Libraries\DataStructure">
      <UniqueIdentifier>{344759ff-bd70-4e63-b818-f58561884413}</UniqueIdentifier>
    </Filter>
    <Filter Include="Libraries\Profiler">
      <UniqueIdentifier>{f39b543e-1f89-4ad3-a09c-1b8d25ab40be}</UniqueIdentifier>
    </Filter>
    <Filter Include="Contents">
      <UniqueIdentifier>{d2cad574-431b-4597-8a6a-e7fab800128b}</UniqueIdentifier>
    </Filter>
    <Filter Include="Network">
      <UniqueIdentifier>{4FC737F1-C7A5-4376-A066-2A32D752A2FF}</UniqueIdentifier>
      <Extensions>cpp;c;cc;cxx;c++;cppm;ixx;def;odl;idl;hpj;bat;asm;asmx</Extensions>
    </Filter>
  </ItemGroup>
  <ItemGroup>
    <ClInclude Include="Session.h">
      <Filter>Session</Filter>
    </ClInclude>
    <ClInclude Include="List.h">
      <Filter>Libraries\DataStructure</Filter>
    </ClInclude>
    <ClInclude Include="Logger.h">
      <Filter>Libraries\Logger</Filter>
    </ClInclude>
    <ClInclude Include="RingBuffer.h">
      <Filter>Libraries\DataStructure</Filter>
    </ClInclude>
    <ClInclude Include="Serializer.h">
      <Filter>Libraries\DataStructure</Filter>
    </ClInclude>
    <ClInclude Include="Profiler.h">
      <Filter>Libraries\Profiler</Filter>
    </ClInclude>
    <ClInclude Include="NetworkProc.h">
      <Filter>Network</Filter>
    </ClInclude>
    <ClInclude Include="Update.h">
      <Filter>Contents</Filter>
    </ClInclude>
    <ClInclude Include="MessageProc.h">
      <Filter>Contents</Filter>
    </ClInclude>
    <ClInclude Include="SessionProc.h">
      <Filter>Contents</Filter>
    </ClInclude>
  </ItemGroup>
  <ItemGroup>
    <ClCompile Include="Main.cpp">
      <Filter>Network</Filter>
    </ClCompile>
    <ClCompile Include="NetworkProc.cpp">
      <Filter>Network</Filter>
    </ClCompile>
    <ClCompile Include="Session.cpp">
      <Filter>Session</Filter>
    </ClCompile>
    <ClCompile Include="Logger.cpp">
      <Filter>Libraries\Logger</Filter>
    </ClCompile>
    <ClCompile Include="Profiler.cpp">
      <Filter>Libraries\Profiler</Filter>
    </ClCompile>
    <ClCompile Include="Update.cpp">
      <Filter>Contents</Filter>
    </ClCompile>
    <ClCompile Include="MessageProc.cpp">
      <Filter>Contents</Filter>
    </ClCompile>
    <ClCompile Include="SessionProc.cpp">
      <Filter>Contents</Filter>
    </ClCompile>
  </ItemGroup>
</Project>